// !$*UTF8*$!
{
	archiveVersion = 1;
	classes = {
	};
	objectVersion = 46;
	objects = {

/* Begin PBXBuildFile section */
		17DE13101919D7CA008EB4BC /* Foundation.framework in Frameworks */ = {isa = PBXBuildFile; fileRef = 17DE130F1919D7CA008EB4BC /* Foundation.framework */; };
		17DE13121919D7CA008EB4BC /* CoreGraphics.framework in Frameworks */ = {isa = PBXBuildFile; fileRef = 17DE13111919D7CA008EB4BC /* CoreGraphics.framework */; };
		17DE13141919D7CA008EB4BC /* UIKit.framework in Frameworks */ = {isa = PBXBuildFile; fileRef = 17DE13131919D7CA008EB4BC /* UIKit.framework */; };
		17DE131A1919D7CA008EB4BC /* InfoPlist.strings in Resources */ = {isa = PBXBuildFile; fileRef = 17DE13181919D7CA008EB4BC /* InfoPlist.strings */; };
		17DE131C1919D7CA008EB4BC /* main.m in Sources */ = {isa = PBXBuildFile; fileRef = 17DE131B1919D7CA008EB4BC /* main.m */; };
		17DE13201919D7CA008EB4BC /* OAAppDelegate.m in Sources */ = {isa = PBXBuildFile; fileRef = 17DE131F1919D7CA008EB4BC /* OAAppDelegate.m */; };
		17DE13221919D7CA008EB4BC /* Images.xcassets in Resources */ = {isa = PBXBuildFile; fileRef = 17DE13211919D7CA008EB4BC /* Images.xcassets */; };
		17DE13291919D7CA008EB4BC /* XCTest.framework in Frameworks */ = {isa = PBXBuildFile; fileRef = 17DE13281919D7CA008EB4BC /* XCTest.framework */; };
		17DE132A1919D7CA008EB4BC /* Foundation.framework in Frameworks */ = {isa = PBXBuildFile; fileRef = 17DE130F1919D7CA008EB4BC /* Foundation.framework */; };
		17DE132B1919D7CA008EB4BC /* UIKit.framework in Frameworks */ = {isa = PBXBuildFile; fileRef = 17DE13131919D7CA008EB4BC /* UIKit.framework */; };
		17DE13331919D7CA008EB4BC /* InfoPlist.strings in Resources */ = {isa = PBXBuildFile; fileRef = 17DE13311919D7CA008EB4BC /* InfoPlist.strings */; };
		17DE13351919D7CA008EB4BC /* CleanTableViewDataSourceSampleTests.m in Sources */ = {isa = PBXBuildFile; fileRef = 17DE13341919D7CA008EB4BC /* CleanTableViewDataSourceSampleTests.m */; };
/* End PBXBuildFile section */

/* Begin PBXContainerItemProxy section */
		17DE132C1919D7CA008EB4BC /* PBXContainerItemProxy */ = {
			isa = PBXContainerItemProxy;
			containerPortal = 17DE13041919D7CA008EB4BC /* Project object */;
			proxyType = 1;
			remoteGlobalIDString = 17DE130B1919D7CA008EB4BC;
			remoteInfo = CleanTableViewDataSourceSample;
		};
/* End PBXContainerItemProxy section */

/* Begin PBXFileReference section */
		17DE130C1919D7CA008EB4BC /* CleanTableViewDataSourceSample.app */ = {isa = PBXFileReference; explicitFileType = wrapper.application; includeInIndex = 0; path = CleanTableViewDataSourceSample.app; sourceTree = BUILT_PRODUCTS_DIR; };
		17DE130F1919D7CA008EB4BC /* Foundation.framework */ = {isa = PBXFileReference; lastKnownFileType = wrapper.framework; name = Foundation.framework; path = System/Library/Frameworks/Foundation.framework; sourceTree = SDKROOT; };
		17DE13111919D7CA008EB4BC /* CoreGraphics.framework */ = {isa = PBXFileReference; lastKnownFileType = wrapper.framework; name = CoreGraphics.framework; path = System/Library/Frameworks/CoreGraphics.framework; sourceTree = SDKROOT; };
		17DE13131919D7CA008EB4BC /* UIKit.framework */ = {isa = PBXFileReference; lastKnownFileType = wrapper.framework; name = UIKit.framework; path = System/Library/Frameworks/UIKit.framework; sourceTree = SDKROOT; };
		17DE13171919D7CA008EB4BC /* CleanTableViewDataSourceSample-Info.plist */ = {isa = PBXFileReference; lastKnownFileType = text.plist.xml; path = "CleanTableViewDataSourceSample-Info.plist"; sourceTree = "<group>"; };
		17DE13191919D7CA008EB4BC /* en */ = {isa = PBXFileReference; lastKnownFileType = text.plist.strings; name = en; path = en.lproj/InfoPlist.strings; sourceTree = "<group>"; };
		17DE131B1919D7CA008EB4BC /* main.m */ = {isa = PBXFileReference; lastKnownFileType = sourcecode.c.objc; path = main.m; sourceTree = "<group>"; };
		17DE131D1919D7CA008EB4BC /* CleanTableViewDataSourceSample-Prefix.pch */ = {isa = PBXFileReference; lastKnownFileType = sourcecode.c.h; path = "CleanTableViewDataSourceSample-Prefix.pch"; sourceTree = "<group>"; };
		17DE131E1919D7CA008EB4BC /* OAAppDelegate.h */ = {isa = PBXFileReference; lastKnownFileType = sourcecode.c.h; path = OAAppDelegate.h; sourceTree = "<group>"; };
		17DE131F1919D7CA008EB4BC /* OAAppDelegate.m */ = {isa = PBXFileReference; lastKnownFileType = sourcecode.c.objc; path = OAAppDelegate.m; sourceTree = "<group>"; };
		17DE13211919D7CA008EB4BC /* Images.xcassets */ = {isa = PBXFileReference; lastKnownFileType = folder.assetcatalog; path = Images.xcassets; sourceTree = "<group>"; };
		17DE13271919D7CA008EB4BC /* CleanTableViewDataSourceSampleTests.xctest */ = {isa = PBXFileReference; explicitFileType = wrapper.cfbundle; includeInIndex = 0; path = CleanTableViewDataSourceSampleTests.xctest; sourceTree = BUILT_PRODUCTS_DIR; };
		17DE13281919D7CA008EB4BC /* XCTest.framework */ = {isa = PBXFileReference; lastKnownFileType = wrapper.framework; name = XCTest.framework; path = Library/Frameworks/XCTest.framework; sourceTree = DEVELOPER_DIR; };
		17DE13301919D7CA008EB4BC /* CleanTableViewDataSourceSampleTests-Info.plist */ = {isa = PBXFileReference; lastKnownFileType = text.plist.xml; path = "CleanTableViewDataSourceSampleTests-Info.plist"; sourceTree = "<group>"; };
		17DE13321919D7CA008EB4BC /* en */ = {isa = PBXFileReference; lastKnownFileType = text.plist.strings; name = en; path = en.lproj/InfoPlist.strings; sourceTree = "<group>"; };
		17DE13341919D7CA008EB4BC /* CleanTableViewDataSourceSampleTests.m */ = {isa = PBXFileReference; lastKnownFileType = sourcecode.c.objc; path = CleanTableViewDataSourceSampleTests.m; sourceTree = "<group>"; };
/* End PBXFileReference section */

/* Begin PBXFrameworksBuildPhase section */
		17DE13091919D7CA008EB4BC /* Frameworks */ = {
			isa = PBXFrameworksBuildPhase;
			buildActionMask = 2147483647;
			files = (
				17DE13121919D7CA008EB4BC /* CoreGraphics.framework in Frameworks */,
				17DE13141919D7CA008EB4BC /* UIKit.framework in Frameworks */,
				17DE13101919D7CA008EB4BC /* Foundation.framework in Frameworks */,
			);
			runOnlyForDeploymentPostprocessing = 0;
		};
		17DE13241919D7CA008EB4BC /* Frameworks */ = {
			isa = PBXFrameworksBuildPhase;
			buildActionMask = 2147483647;
			files = (
				17DE13291919D7CA008EB4BC /* XCTest.framework in Frameworks */,
				17DE132B1919D7CA008EB4BC /* UIKit.framework in Frameworks */,
				17DE132A1919D7CA008EB4BC /* Foundation.framework in Frameworks */,
			);
			runOnlyForDeploymentPostprocessing = 0;
		};
/* End PBXFrameworksBuildPhase section */

/* Begin PBXGroup section */
		17DE13031919D7C9008EB4BC = {
			isa = PBXGroup;
			children = (
				17DE13151919D7CA008EB4BC /* CleanTableViewDataSourceSample */,
				17DE132E1919D7CA008EB4BC /* CleanTableViewDataSourceSampleTests */,
				17DE130E1919D7CA008EB4BC /* Frameworks */,
				17DE130D1919D7CA008EB4BC /* Products */,
			);
			sourceTree = "<group>";
		};
		17DE130D1919D7CA008EB4BC /* Products */ = {
			isa = PBXGroup;
			children = (
				17DE130C1919D7CA008EB4BC /* CleanTableViewDataSourceSample.app */,
				17DE13271919D7CA008EB4BC /* CleanTableViewDataSourceSampleTests.xctest */,
			);
			name = Products;
			sourceTree = "<group>";
		};
		17DE130E1919D7CA008EB4BC /* Frameworks */ = {
			isa = PBXGroup;
			children = (
				17DE130F1919D7CA008EB4BC /* Foundation.framework */,
				17DE13111919D7CA008EB4BC /* CoreGraphics.framework */,
				17DE13131919D7CA008EB4BC /* UIKit.framework */,
				17DE13281919D7CA008EB4BC /* XCTest.framework */,
			);
			name = Frameworks;
			sourceTree = "<group>";
		};
		17DE13151919D7CA008EB4BC /* CleanTableViewDataSourceSample */ = {
			isa = PBXGroup;
			children = (
				17DE131E1919D7CA008EB4BC /* OAAppDelegate.h */,
				17DE131F1919D7CA008EB4BC /* OAAppDelegate.m */,
				17DE13211919D7CA008EB4BC /* Images.xcassets */,
				17DE13161919D7CA008EB4BC /* Supporting Files */,
			);
			path = CleanTableViewDataSourceSample;
			sourceTree = "<group>";
		};
		17DE13161919D7CA008EB4BC /* Supporting Files */ = {
			isa = PBXGroup;
			children = (
				17DE13171919D7CA008EB4BC /* CleanTableViewDataSourceSample-Info.plist */,
				17DE13181919D7CA008EB4BC /* InfoPlist.strings */,
				17DE131B1919D7CA008EB4BC /* main.m */,
				17DE131D1919D7CA008EB4BC /* CleanTableViewDataSourceSample-Prefix.pch */,
			);
			name = "Supporting Files";
			sourceTree = "<group>";
		};
		17DE132E1919D7CA008EB4BC /* CleanTableViewDataSourceSampleTests */ = {
			isa = PBXGroup;
			children = (
				17DE13341919D7CA008EB4BC /* CleanTableViewDataSourceSampleTests.m */,
				17DE132F1919D7CA008EB4BC /* Supporting Files */,
			);
			path = CleanTableViewDataSourceSampleTests;
			sourceTree = "<group>";
		};
		17DE132F1919D7CA008EB4BC /* Supporting Files */ = {
			isa = PBXGroup;
			children = (
				17DE13301919D7CA008EB4BC /* CleanTableViewDataSourceSampleTests-Info.plist */,
				17DE13311919D7CA008EB4BC /* InfoPlist.strings */,
			);
			name = "Supporting Files";
			sourceTree = "<group>";
		};
/* End PBXGroup section */

/* Begin PBXNativeTarget section */
		17DE130B1919D7CA008EB4BC /* CleanTableViewDataSourceSample */ = {
			isa = PBXNativeTarget;
			buildConfigurationList = 17DE13381919D7CA008EB4BC /* Build configuration list for PBXNativeTarget "CleanTableViewDataSourceSample" */;
			buildPhases = (
				17DE13081919D7CA008EB4BC /* Sources */,
				17DE13091919D7CA008EB4BC /* Frameworks */,
				17DE130A1919D7CA008EB4BC /* Resources */,
			);
			buildRules = (
			);
			dependencies = (
			);
			name = CleanTableViewDataSourceSample;
			productName = CleanTableViewDataSourceSample;
			productReference = 17DE130C1919D7CA008EB4BC /* CleanTableViewDataSourceSample.app */;
			productType = "com.apple.product-type.application";
		};
		17DE13261919D7CA008EB4BC /* CleanTableViewDataSourceSampleTests */ = {
			isa = PBXNativeTarget;
			buildConfigurationList = 17DE133B1919D7CA008EB4BC /* Build configuration list for PBXNativeTarget "CleanTableViewDataSourceSampleTests" */;
			buildPhases = (
				17DE13231919D7CA008EB4BC /* Sources */,
				17DE13241919D7CA008EB4BC /* Frameworks */,
				17DE13251919D7CA008EB4BC /* Resources */,
			);
			buildRules = (
			);
			dependencies = (
				17DE132D1919D7CA008EB4BC /* PBXTargetDependency */,
			);
			name = CleanTableViewDataSourceSampleTests;
			productName = CleanTableViewDataSourceSampleTests;
			productReference = 17DE13271919D7CA008EB4BC /* CleanTableViewDataSourceSampleTests.xctest */;
			productType = "com.apple.product-type.bundle.unit-test";
		};
/* End PBXNativeTarget section */

/* Begin PBXProject section */
		17DE13041919D7CA008EB4BC /* Project object */ = {
			isa = PBXProject;
			attributes = {
				CLASSPREFIX = OA;
				LastUpgradeCheck = 0510;
				ORGANIZATIONNAME = FourFi;
				TargetAttributes = {
					17DE13261919D7CA008EB4BC = {
						TestTargetID = 17DE130B1919D7CA008EB4BC;
					};
				};
			};
			buildConfigurationList = 17DE13071919D7CA008EB4BC /* Build configuration list for PBXProject "CleanTableViewDataSourceSample" */;
			compatibilityVersion = "Xcode 3.2";
			developmentRegion = English;
			hasScannedForEncodings = 0;
			knownRegions = (
				en,
			);
			mainGroup = 17DE13031919D7C9008EB4BC;
			productRefGroup = 17DE130D1919D7CA008EB4BC /* Products */;
			projectDirPath = "";
			projectRoot = "";
			targets = (
				17DE130B1919D7CA008EB4BC /* CleanTableViewDataSourceSample */,
				17DE13261919D7CA008EB4BC /* CleanTableViewDataSourceSampleTests */,
			);
		};
/* End PBXProject section */

/* Begin PBXResourcesBuildPhase section */
		17DE130A1919D7CA008EB4BC /* Resources */ = {
			isa = PBXResourcesBuildPhase;
			buildActionMask = 2147483647;
			files = (
				17DE131A1919D7CA008EB4BC /* InfoPlist.strings in Resources */,
				17DE13221919D7CA008EB4BC /* Images.xcassets in Resources */,
			);
			runOnlyForDeploymentPostprocessing = 0;
		};
		17DE13251919D7CA008EB4BC /* Resources */ = {
			isa = PBXResourcesBuildPhase;
			buildActionMask = 2147483647;
			files = (
				17DE13331919D7CA008EB4BC /* InfoPlist.strings in Resources */,
			);
			runOnlyForDeploymentPostprocessing = 0;
		};
/* End PBXResourcesBuildPhase section */

/* Begin PBXSourcesBuildPhase section */
		17DE13081919D7CA008EB4BC /* Sources */ = {
			isa = PBXSourcesBuildPhase;
			buildActionMask = 2147483647;
			files = (
				17DE13201919D7CA008EB4BC /* OAAppDelegate.m in Sources */,
				17DE131C1919D7CA008EB4BC /* main.m in Sources */,
			);
			runOnlyForDeploymentPostprocessing = 0;
		};
		17DE13231919D7CA008EB4BC /* Sources */ = {
			isa = PBXSourcesBuildPhase;
			buildActionMask = 2147483647;
			files = (
				17DE13351919D7CA008EB4BC /* CleanTableViewDataSourceSampleTests.m in Sources */,
			);
			runOnlyForDeploymentPostprocessing = 0;
		};
/* End PBXSourcesBuildPhase section */

/* Begin PBXTargetDependency section */
		17DE132D1919D7CA008EB4BC /* PBXTargetDependency */ = {
			isa = PBXTargetDependency;
			target = 17DE130B1919D7CA008EB4BC /* CleanTableViewDataSourceSample */;
			targetProxy = 17DE132C1919D7CA008EB4BC /* PBXContainerItemProxy */;
		};
/* End PBXTargetDependency section */

/* Begin PBXVariantGroup section */
		17DE13181919D7CA008EB4BC /* InfoPlist.strings */ = {
			isa = PBXVariantGroup;
			children = (
				17DE13191919D7CA008EB4BC /* en */,
			);
			name = InfoPlist.strings;
			sourceTree = "<group>";
		};
		17DE13311919D7CA008EB4BC /* InfoPlist.strings */ = {
			isa = PBXVariantGroup;
			children = (
				17DE13321919D7CA008EB4BC /* en */,
			);
			name = InfoPlist.strings;
			sourceTree = "<group>";
		};
/* End PBXVariantGroup section */

/* Begin XCBuildConfiguration section */
		17DE13361919D7CA008EB4BC /* Debug */ = {
			isa = XCBuildConfiguration;
			buildSettings = {
				ALWAYS_SEARCH_USER_PATHS = NO;
				CLANG_CXX_LANGUAGE_STANDARD = "gnu++0x";
				CLANG_CXX_LIBRARY = "libc++";
				CLANG_ENABLE_MODULES = YES;
				CLANG_ENABLE_OBJC_ARC = YES;
				CLANG_WARN_BOOL_CONVERSION = YES;
				CLANG_WARN_CONSTANT_CONVERSION = YES;
				CLANG_WARN_DIRECT_OBJC_ISA_USAGE = YES_ERROR;
				CLANG_WARN_EMPTY_BODY = YES;
				CLANG_WARN_ENUM_CONVERSION = YES;
				CLANG_WARN_INT_CONVERSION = YES;
				CLANG_WARN_OBJC_ROOT_CLASS = YES_ERROR;
				CLANG_WARN__DUPLICATE_METHOD_MATCH = YES;
				"CODE_SIGN_IDENTITY[sdk=iphoneos*]" = "iPhone Developer";
				COPY_PHASE_STRIP = NO;
				GCC_C_LANGUAGE_STANDARD = gnu99;
				GCC_DYNAMIC_NO_PIC = NO;
				GCC_OPTIMIZATION_LEVEL = 0;
				GCC_PREPROCESSOR_DEFINITIONS = (
					"DEBUG=1",
					"$(inherited)",
				);
				GCC_SYMBOLS_PRIVATE_EXTERN = NO;
				GCC_WARN_64_TO_32_BIT_CONVERSION = YES;
				GCC_WARN_ABOUT_RETURN_TYPE = YES_ERROR;
				GCC_WARN_UNDECLARED_SELECTOR = YES;
				GCC_WARN_UNINITIALIZED_AUTOS = YES_AGGRESSIVE;
				GCC_WARN_UNUSED_FUNCTION = YES;
				GCC_WARN_UNUSED_VARIABLE = YES;
				IPHONEOS_DEPLOYMENT_TARGET = 7.1;
				ONLY_ACTIVE_ARCH = YES;
				SDKROOT = iphoneos;
			};
			name = Debug;
		};
		17DE13371919D7CA008EB4BC /* Release */ = {
			isa = XCBuildConfiguration;
			buildSettings = {
				ALWAYS_SEARCH_USER_PATHS = NO;
				CLANG_CXX_LANGUAGE_STANDARD = "gnu++0x";
				CLANG_CXX_LIBRARY = "libc++";
				CLANG_ENABLE_MODULES = YES;
				CLANG_ENABLE_OBJC_ARC = YES;
				CLANG_WARN_BOOL_CONVERSION = YES;
				CLANG_WARN_CONSTANT_CONVERSION = YES;
				CLANG_WARN_DIRECT_OBJC_ISA_USAGE = YES_ERROR;
				CLANG_WARN_EMPTY_BODY = YES;
				CLANG_WARN_ENUM_CONVERSION = YES;
				CLANG_WARN_INT_CONVERSION = YES;
				CLANG_WARN_OBJC_ROOT_CLASS = YES_ERROR;
				CLANG_WARN__DUPLICATE_METHOD_MATCH = YES;
				"CODE_SIGN_IDENTITY[sdk=iphoneos*]" = "iPhone Developer";
				COPY_PHASE_STRIP = YES;
				ENABLE_NS_ASSERTIONS = NO;
				GCC_C_LANGUAGE_STANDARD = gnu99;
				GCC_WARN_64_TO_32_BIT_CONVERSION = YES;
				GCC_WARN_ABOUT_RETURN_TYPE = YES_ERROR;
				GCC_WARN_UNDECLARED_SELECTOR = YES;
				GCC_WARN_UNINITIALIZED_AUTOS = YES_AGGRESSIVE;
				GCC_WARN_UNUSED_FUNCTION = YES;
				GCC_WARN_UNUSED_VARIABLE = YES;
				IPHONEOS_DEPLOYMENT_TARGET = 7.1;
				SDKROOT = iphoneos;
				VALIDATE_PRODUCT = YES;
			};
			name = Release;
		};
		17DE13391919D7CA008EB4BC /* Debug */ = {
			isa = XCBuildConfiguration;
			buildSettings = {
				ASSETCATALOG_COMPILER_APPICON_NAME = AppIcon;
				ASSETCATALOG_COMPILER_LAUNCHIMAGE_NAME = LaunchImage;
				GCC_PRECOMPILE_PREFIX_HEADER = YES;
				GCC_PREFIX_HEADER = "CleanTableViewDataSourceSample/CleanTableViewDataSourceSample-Prefix.pch";
				INFOPLIST_FILE = "CleanTableViewDataSourceSample/CleanTableViewDataSourceSample-Info.plist";
				PRODUCT_NAME = "$(TARGET_NAME)";
				WRAPPER_EXTENSION = app;
			};
			name = Debug;
		};
		17DE133A1919D7CA008EB4BC /* Release */ = {
			isa = XCBuildConfiguration;
			buildSettings = {
				ASSETCATALOG_COMPILER_APPICON_NAME = AppIcon;
				ASSETCATALOG_COMPILER_LAUNCHIMAGE_NAME = LaunchImage;
				GCC_PRECOMPILE_PREFIX_HEADER = YES;
				GCC_PREFIX_HEADER = "CleanTableViewDataSourceSample/CleanTableViewDataSourceSample-Prefix.pch";
				INFOPLIST_FILE = "CleanTableViewDataSourceSample/CleanTableViewDataSourceSample-Info.plist";
				PRODUCT_NAME = "$(TARGET_NAME)";
				WRAPPER_EXTENSION = app;
			};
			name = Release;
		};
		17DE133C1919D7CA008EB4BC /* Debug */ = {
			isa = XCBuildConfiguration;
			buildSettings = {
				BUNDLE_LOADER = "$(BUILT_PRODUCTS_DIR)/CleanTableViewDataSourceSample.app/CleanTableViewDataSourceSample";
				FRAMEWORK_SEARCH_PATHS = (
					"$(SDKROOT)/Developer/Library/Frameworks",
					"$(inherited)",
					"$(DEVELOPER_FRAMEWORKS_DIR)",
				);
				GCC_PRECOMPILE_PREFIX_HEADER = YES;
				GCC_PREFIX_HEADER = "CleanTableViewDataSourceSample/CleanTableViewDataSourceSample-Prefix.pch";
				GCC_PREPROCESSOR_DEFINITIONS = (
					"DEBUG=1",
					"$(inherited)",
				);
				INFOPLIST_FILE = "CleanTableViewDataSourceSampleTests/CleanTableViewDataSourceSampleTests-Info.plist";
				PRODUCT_NAME = "$(TARGET_NAME)";
				TEST_HOST = "$(BUNDLE_LOADER)";
				WRAPPER_EXTENSION = xctest;
			};
			name = Debug;
		};
		17DE133D1919D7CA008EB4BC /* Release */ = {
			isa = XCBuildConfiguration;
			buildSettings = {
				BUNDLE_LOADER = "$(BUILT_PRODUCTS_DIR)/CleanTableViewDataSourceSample.app/CleanTableViewDataSourceSample";
				FRAMEWORK_SEARCH_PATHS = (
					"$(SDKROOT)/Developer/Library/Frameworks",
					"$(inherited)",
					"$(DEVELOPER_FRAMEWORKS_DIR)",
				);
				GCC_PRECOMPILE_PREFIX_HEADER = YES;
				GCC_PREFIX_HEADER = "CleanTableViewDataSourceSample/CleanTableViewDataSourceSample-Prefix.pch";
				INFOPLIST_FILE = "CleanTableViewDataSourceSampleTests/CleanTableViewDataSourceSampleTests-Info.plist";
				PRODUCT_NAME = "$(TARGET_NAME)";
				TEST_HOST = "$(BUNDLE_LOADER)";
				WRAPPER_EXTENSION = xctest;
			};
			name = Release;
		};
/* End XCBuildConfiguration section */

/* Begin XCConfigurationList section */
		17DE13071919D7CA008EB4BC /* Build configuration list for PBXProject "CleanTableViewDataSourceSample" */ = {
			isa = XCConfigurationList;
			buildConfigurations = (
				17DE13361919D7CA008EB4BC /* Debug */,
				17DE13371919D7CA008EB4BC /* Release */,
			);
			defaultConfigurationIsVisible = 0;
			defaultConfigurationName = Release;
		};
		17DE13381919D7CA008EB4BC /* Build configuration list for PBXNativeTarget "CleanTableViewDataSourceSample" */ = {
			isa = XCConfigurationList;
			buildConfigurations = (
				17DE13391919D7CA008EB4BC /* Debug */,
				17DE133A1919D7CA008EB4BC /* Release */,
			);
			defaultConfigurationIsVisible = 0;
		};
		17DE133B1919D7CA008EB4BC /* Build configuration list for PBXNativeTarget "CleanTableViewDataSourceSampleTests" */ = {
			isa = XCConfigurationList;
			buildConfigurations = (
				17DE133C1919D7CA008EB4BC /* Debug */,
				17DE133D1919D7CA008EB4BC /* Release */,
			);
			defaultConfigurationIsVisible = 0;
		};
/* End XCConfigurationList section */
	};
	rootObject = 17DE13041919D7CA008EB4BC /* Project object */;
}
